# This file is automatically @generated by Cargo.
# It is not intended for manual editing.
version = 4

[[package]]
name = "app"
version = "0.0.0"

[[package]]
name = "fixed_math"
version = "0.0.0"

[[package]]
name = "input_touch"
version = "0.0.0"

[[package]]
name = "net"
version = "0.0.0"

[[package]]
name = "render"
version = "0.0.0"

[[package]]
name = "replay"
version = "0.0.0"

[[package]]
name = "replay_sync"
version = "0.0.0"

[[package]]
name = "replay_viewer"
version = "0.0.0"

[[package]]
name = "sim"
version = "0.0.0"

[[package]]
name = "sync_test"
version = "0.0.0"
